
Microsoft Visual Studio Solution File, Format Version 12.00
# Visual Studio Version 16
VisualStudioVersion = 16.0.30225.117
MinimumVisualStudioVersion = 10.0.40219.1
Project("{FAE04EC0-301F-11D3-BF4B-00C04F79EFBC}") = "RobotBlog", "RobotBlog\RobotBlog.csproj", "{29ACD99D-C7B3-4644-9DFF-538A88C5D0C0}"
EndProject
Global
	GlobalSection(SolutionConfigurationPlatforms) = preSolution
		Debug|Any CPU = Debug|Any CPU
		Release|Any CPU = Release|Any CPU
	EndGlobalSection
	GlobalSection(ProjectConfigurationPlatforms) = postSolution
		{29ACD99D-C7B3-4644-9DFF-538A88C5D0C0}.Debug|Any CPU.ActiveCfg = Debug|Any CPU
		{29ACD99D-C7B3-4644-9DFF-538A88C5D0C0}.Debug|Any CPU.Build.0 = Debug|Any CPU
		{29ACD99D-C7B3-4644-9DFF-538A88C5D0C0}.Release|Any CPU.ActiveCfg = Release|Any CPU
		{29ACD99D-C7B3-4644-9DFF-538A88C5D0C0}.Release|Any CPU.Build.0 = Release|Any CPU
	EndGlobalSection
	GlobalSection(SolutionProperties) = preSolution
		HideSolutionNode = FALSE
	EndGlobalSection
	GlobalSection(ExtensibilityGlobals) = postSolution
		SolutionGuid = {97AFC0B7-8983-40BA-BFF1-8C6C1B918711}
	EndGlobalSection
EndGlobal
